
Microsoft Visual Studio Solution File, Format Version 12.00
# Visual Studio Version 17
VisualStudioVersion = 17.5.002.0
MinimumVisualStudioVersion = 10.0.40219.1
Project("{9A19103F-16F7-4668-BE54-9A1E7A4F7556}") = "ContosoPizza", "ContosoPizza\ContosoPizza.csproj", "{247268AA-0814-46E1-8752-85A033B37965}"
EndProject
Global
	GlobalSection(SolutionConfigurationPlatforms) = preSolution
		Debug|Any CPU = Debug|Any CPU
		Release|Any CPU = Release|Any CPU
	EndGlobalSection
	GlobalSection(ProjectConfigurationPlatforms) = postSolution
		{247268AA-0814-46E1-8752-85A033B37965}.Debug|Any CPU.ActiveCfg = Debug|Any CPU
		{247268AA-0814-46E1-8752-85A033B37965}.Debug|Any CPU.Build.0 = Debug|Any CPU
		{247268AA-0814-46E1-8752-85A033B37965}.Release|Any CPU.ActiveCfg = Release|Any CPU
		{247268AA-0814-46E1-8752-85A033B37965}.Release|Any CPU.Build.0 = Release|Any CPU
	EndGlobalSection
	GlobalSection(SolutionProperties) = preSolution
		HideSolutionNode = FALSE
	EndGlobalSection
	GlobalSection(ExtensibilityGlobals) = postSolution
		SolutionGuid = {1F1B4BED-12EA-4987-93E3-5B7EE0B30F12}
	EndGlobalSection
EndGlobal
